
Microsoft Visual Studio Solution File, Format Version 12.00
# Visual Studio Version 18
VisualStudioVersion = 18.2.11408.102 d18.0
MinimumVisualStudioVersion = 10.0.40219.1
Project("{FAE04EC0-301F-11D3-BF4B-00C04F79EFBC}") = "ConsoleApp1", "ConsoleApp1.csproj", "{7B5B0BC2-7E08-E58C-6436-F53A2B87BA1D}"
EndProject
Global
	GlobalSection(SolutionConfigurationPlatforms) = preSolution
		Debug|Any CPU = Debug|Any CPU
		Release|Any CPU = Release|Any CPU
	EndGlobalSection
	GlobalSection(ProjectConfigurationPlatforms) = postSolution
		{7B5B0BC2-7E08-E58C-6436-F53A2B87BA1D}.Debug|Any CPU.ActiveCfg = Debug|Any CPU
		{7B5B0BC2-7E08-E58C-6436-F53A2B87BA1D}.Debug|Any CPU.Build.0 = Debug|Any CPU
		{7B5B0BC2-7E08-E58C-6436-F53A2B87BA1D}.Release|Any CPU.ActiveCfg = Release|Any CPU
		{7B5B0BC2-7E08-E58C-6436-F53A2B87BA1D}.Release|Any CPU.Build.0 = Release|Any CPU
	EndGlobalSection
	GlobalSection(SolutionProperties) = preSolution
		HideSolutionNode = FALSE
	EndGlobalSection
	GlobalSection(ExtensibilityGlobals) = postSolution
		SolutionGuid = {AE8A9671-627D-4FA8-BE3E-551AAD6104C8}
	EndGlobalSection
EndGlobal
